{
  "version": 4,
  "terraform_version": "1.9.8",
  "serial": 1,
  "lineage": "9f69dcd5-b6a4-bc51-22fd-c45b12802f2b",
  "outputs": {},
  "resources": [
    {
      "mode": "managed",
      "type": "aws_vpc",
      "name": "sstech",
      "provider": "provider[\"registry.terraform.io/hashicorp/aws\"]",
      "instances": [
        {
          "schema_version": 1,
          "attributes": {
            "arn": "arn:aws:ec2:eu-central-1:339713032208:vpc/vpc-066df6925bae681b3",
            "assign_generated_ipv6_cidr_block": false,
            "cidr_block": "10.20.0.0/16",
            "default_network_acl_id": "acl-0ca8e6c6debbb4ff0",
            "default_route_table_id": "rtb-0c42f5940e4df463b",
            "default_security_group_id": "sg-0eccbc82a9defe814",
            "dhcp_options_id": "dopt-027529393bd26f6cf",
            "enable_dns_hostnames": true,
            "enable_dns_support": true,
            "enable_network_address_usage_metrics": false,
            "id": "vpc-066df6925bae681b3",
            "instance_tenancy": "default",
            "ipv4_ipam_pool_id": null,
            "ipv4_netmask_length": null,
            "ipv6_association_id": "",
            "ipv6_cidr_block": "",
            "ipv6_cidr_block_network_border_group": "",
            "ipv6_ipam_pool_id": "",
            "ipv6_netmask_length": 0,
            "main_route_table_id": "rtb-0c42f5940e4df463b",
            "owner_id": "339713032208",
            "tags": {
              "Name": "sstech_vpc"
            },
            "tags_all": {
              "Name": "sstech_vpc"
            }
          },
          "sensitive_attributes": [],
          "private": "eyJzY2hlbWFfdmVyc2lvbiI6IjEifQ=="
        }
      ]
    }
  ],
  "check_results": null
}
